
Microsoft Visual Studio Solution File, Format Version 12.00
# Visual Studio Version 16
VisualStudioVersion = 16.0.29102.190
MinimumVisualStudioVersion = 10.0.40219.1
Project("{9A19103F-16F7-4668-BE54-9A1E7A4F7556}") = "FizzBuzzLib", "FizzBuzzLib\FizzBuzzLib.csproj", "{BF9C1E94-DDD3-4859-86D4-19D1281F54E4}"
EndProject
Project("{9A19103F-16F7-4668-BE54-9A1E7A4F7556}") = "Fizzbuzz.Tests", "FizzbuzzTests\Fizzbuzz.Tests.csproj", "{A3AF2CFA-6ADF-4D1E-9119-9F670443F8F4}"
EndProject
Project("{9A19103F-16F7-4668-BE54-9A1E7A4F7556}") = "FizzBuzz", "FizzBuzz\FizzBuzz.csproj", "{EF6C8722-E18A-4A44-B3B8-25FEB191586C}"
EndProject
Global
	GlobalSection(SolutionConfigurationPlatforms) = preSolution
		Debug|Any CPU = Debug|Any CPU
		Release|Any CPU = Release|Any CPU
	EndGlobalSection
	GlobalSection(ProjectConfigurationPlatforms) = postSolution
		{BF9C1E94-DDD3-4859-86D4-19D1281F54E4}.Debug|Any CPU.ActiveCfg = Debug|Any CPU
		{BF9C1E94-DDD3-4859-86D4-19D1281F54E4}.Debug|Any CPU.Build.0 = Debug|Any CPU
		{BF9C1E94-DDD3-4859-86D4-19D1281F54E4}.Release|Any CPU.ActiveCfg = Release|Any CPU
		{BF9C1E94-DDD3-4859-86D4-19D1281F54E4}.Release|Any CPU.Build.0 = Release|Any CPU
		{A3AF2CFA-6ADF-4D1E-9119-9F670443F8F4}.Debug|Any CPU.ActiveCfg = Debug|Any CPU
		{A3AF2CFA-6ADF-4D1E-9119-9F670443F8F4}.Debug|Any CPU.Build.0 = Debug|Any CPU
		{A3AF2CFA-6ADF-4D1E-9119-9F670443F8F4}.Release|Any CPU.ActiveCfg = Release|Any CPU
		{A3AF2CFA-6ADF-4D1E-9119-9F670443F8F4}.Release|Any CPU.Build.0 = Release|Any CPU
		{EF6C8722-E18A-4A44-B3B8-25FEB191586C}.Debug|Any CPU.ActiveCfg = Debug|Any CPU
		{EF6C8722-E18A-4A44-B3B8-25FEB191586C}.Debug|Any CPU.Build.0 = Debug|Any CPU
		{EF6C8722-E18A-4A44-B3B8-25FEB191586C}.Release|Any CPU.ActiveCfg = Release|Any CPU
		{EF6C8722-E18A-4A44-B3B8-25FEB191586C}.Release|Any CPU.Build.0 = Release|Any CPU
	EndGlobalSection
	GlobalSection(SolutionProperties) = preSolution
		HideSolutionNode = FALSE
	EndGlobalSection
	GlobalSection(ExtensibilityGlobals) = postSolution
		SolutionGuid = {C4A83CA7-E2A3-4098-8323-C685790C1F84}
	EndGlobalSection
EndGlobal
